
Microsoft Visual Studio Solution File, Format Version 12.00
# Visual Studio 14
VisualStudioVersion = 14.0.24720.0
MinimumVisualStudioVersion = 10.0.40219.1
Project("{FAE04EC0-301F-11D3-BF4B-00C04F79EFBC}") = "HomeWork_1", "HomeWork_1\HomeWork_1.csproj", "{305F925B-B699-4C1E-8686-C120E6799998}"
EndProject
Project("{FAE04EC0-301F-11D3-BF4B-00C04F79EFBC}") = "HomeWork_2", "HomeWork_2\HomeWork_2.csproj", "{78C18650-189B-43FD-9131-F794C85EBB9F}"
EndProject
Global
	GlobalSection(SolutionConfigurationPlatforms) = preSolution
		Debug|Any CPU = Debug|Any CPU
		Release|Any CPU = Release|Any CPU
	EndGlobalSection
	GlobalSection(ProjectConfigurationPlatforms) = postSolution
		{305F925B-B699-4C1E-8686-C120E6799998}.Debug|Any CPU.ActiveCfg = Debug|Any CPU
		{305F925B-B699-4C1E-8686-C120E6799998}.Debug|Any CPU.Build.0 = Debug|Any CPU
		{305F925B-B699-4C1E-8686-C120E6799998}.Release|Any CPU.ActiveCfg = Release|Any CPU
		{305F925B-B699-4C1E-8686-C120E6799998}.Release|Any CPU.Build.0 = Release|Any CPU
		{78C18650-189B-43FD-9131-F794C85EBB9F}.Debug|Any CPU.ActiveCfg = Debug|Any CPU
		{78C18650-189B-43FD-9131-F794C85EBB9F}.Debug|Any CPU.Build.0 = Debug|Any CPU
		{78C18650-189B-43FD-9131-F794C85EBB9F}.Release|Any CPU.ActiveCfg = Release|Any CPU
		{78C18650-189B-43FD-9131-F794C85EBB9F}.Release|Any CPU.Build.0 = Release|Any CPU
	EndGlobalSection
	GlobalSection(SolutionProperties) = preSolution
		HideSolutionNode = FALSE
	EndGlobalSection
EndGlobal
